Microsoft Visual Studio Solution File, Format Version 12.00
# Visual Studio Version 17
VisualStudioVersion = 17.5.2.0
MinimumVisualStudioVersion = 10.0.40219.1
Project("{FAE04EC0-301F-11D3-BF4B-00C04F79EFBC}") = "SpectreTimer", "SpectreTimer.csproj", "{94E7BA59-AD92-00C9-C46C-CA97C33E7559}"
EndProject
Global
	GlobalSection(SolutionConfigurationPlatforms) = preSolution
		Debug|Any CPU = Debug|Any CPU
		Release|Any CPU = Release|Any CPU
	EndGlobalSection
	GlobalSection(ProjectConfigurationPlatforms) = postSolution
		{94E7BA59-AD92-00C9-C46C-CA97C33E7559}.Debug|Any CPU.ActiveCfg = Debug|Any CPU
		{94E7BA59-AD92-00C9-C46C-CA97C33E7559}.Debug|Any CPU.Build.0 = Debug|Any CPU
		{94E7BA59-AD92-00C9-C46C-CA97C33E7559}.Release|Any CPU.ActiveCfg = Release|Any CPU
		{94E7BA59-AD92-00C9-C46C-CA97C33E7559}.Release|Any CPU.Build.0 = Release|Any CPU
	EndGlobalSection
	GlobalSection(SolutionProperties) = preSolution
		HideSolutionNode = FALSE
	EndGlobalSection
	GlobalSection(ExtensibilityGlobals) = postSolution
		SolutionGuid = {DE7AC7B6-6BFD-4E7B-BCA2-33B364953C26}
	EndGlobalSection
EndGlobal
