
Microsoft Visual Studio Solution File, Format Version 12.00
# Visual Studio Version 17
VisualStudioVersion = 17.5.002.0
MinimumVisualStudioVersion = 10.0.40219.1
Project("{9A19103F-16F7-4668-BE54-9A1E7A4F7556}") = "StopWatch", "StopWatch.csproj", "{DA81CE66-ACE0-4FA5-B807-1B4F19F9AB8D}"
EndProject
Global
	GlobalSection(SolutionConfigurationPlatforms) = preSolution
		Debug|Any CPU = Debug|Any CPU
		Release|Any CPU = Release|Any CPU
	EndGlobalSection
	GlobalSection(ProjectConfigurationPlatforms) = postSolution
		{DA81CE66-ACE0-4FA5-B807-1B4F19F9AB8D}.Debug|Any CPU.ActiveCfg = Debug|Any CPU
		{DA81CE66-ACE0-4FA5-B807-1B4F19F9AB8D}.Debug|Any CPU.Build.0 = Debug|Any CPU
		{DA81CE66-ACE0-4FA5-B807-1B4F19F9AB8D}.Release|Any CPU.ActiveCfg = Release|Any CPU
		{DA81CE66-ACE0-4FA5-B807-1B4F19F9AB8D}.Release|Any CPU.Build.0 = Release|Any CPU
	EndGlobalSection
	GlobalSection(SolutionProperties) = preSolution
		HideSolutionNode = FALSE
	EndGlobalSection
	GlobalSection(ExtensibilityGlobals) = postSolution
		SolutionGuid = {E36E77CE-E6C1-4844-8793-9D5A7233A538}
	EndGlobalSection
EndGlobal
